Microsoft Visual Studio Solution File, Format Version 11.00
# Visual Studio 2008

Project("{D9F1E04B-E73E-8B5C-3B73-854FEC146070}") = "The last sunset", "Assembly-UnityScript-firstpass.unityproj", "{07465EB3-732D-C6D1-4EEA-D7BBD5340F17}"
EndProject
Project("{D9F1E04B-E73E-8B5C-3B73-854FEC146070}") = "The last sunset", "Assembly-UnityScript.unityproj", "{46898E82-711B-7CFA-3C99-69C6303A2763}"
EndProject
Global
	GlobalSection(SolutionConfigurationPlatforms) = preSolution
		Debug|Any CPU = Debug|Any CPU
		Release|Any CPU = Release|Any CPU
	EndGlobalSection
	GlobalSection(ProjectConfigurationPlatforms) = postSolution
		{07465EB3-732D-C6D1-4EEA-D7BBD5340F17}.Debug|Any CPU.ActiveCfg = Debug|Any CPU
		{07465EB3-732D-C6D1-4EEA-D7BBD5340F17}.Debug|Any CPU.Build.0 = Debug|Any CPU
		{07465EB3-732D-C6D1-4EEA-D7BBD5340F17}.Release|Any CPU.ActiveCfg = Release|Any CPU
		{07465EB3-732D-C6D1-4EEA-D7BBD5340F17}.Release|Any CPU.Build.0 = Release|Any CPU
		{46898E82-711B-7CFA-3C99-69C6303A2763}.Debug|Any CPU.ActiveCfg = Debug|Any CPU
		{46898E82-711B-7CFA-3C99-69C6303A2763}.Debug|Any CPU.Build.0 = Debug|Any CPU
		{46898E82-711B-7CFA-3C99-69C6303A2763}.Release|Any CPU.ActiveCfg = Release|Any CPU
		{46898E82-711B-7CFA-3C99-69C6303A2763}.Release|Any CPU.Build.0 = Release|Any CPU
	EndGlobalSection
	GlobalSection(SolutionProperties) = preSolution
		HideSolutionNode = FALSE
	EndGlobalSection
																															GlobalSection(MonoDevelopProperties) = preSolution
		StartupItem = Assembly-CSharp.csproj
		Policies = $0
		$0.TextStylePolicy = $1
		$1.inheritsSet = null
		$1.scope = text/x-csharp
		$0.CSharpFormattingPolicy = $2
		$2.inheritsSet = Mono
		$2.inheritsScope = text/x-csharp
		$2.scope = text/x-csharp
		$0.TextStylePolicy = $3
		$3.FileWidth = 120
		$3.TabWidth = 4
		$3.EolMarker = Unix
		$3.inheritsSet = Mono
		$3.inheritsScope = text/plain
		$3.scope = text/plain
	EndGlobalSection

EndGlobal
